
Microsoft Visual Studio Solution File, Format Version 12.00
# Visual Studio 14
VisualStudioVersion = 14.0.25420.1
MinimumVisualStudioVersion = 10.0.40219.1
Project("{FAE04EC0-301F-11D3-BF4B-00C04F79EFBC}") = "Lab5", "Lab5\Lab5.csproj", "{817AE625-B39F-499C-8AAB-D49C9CA6AA90}"
EndProject
Project("{FAE04EC0-301F-11D3-BF4B-00C04F79EFBC}") = "Project.Utils", "..\..\..\..\Desktop\Розробка та підтримка\Розробка та підтримка Web-застосувань\Лабораторні\Лабораторна 5\Lab5-last version example 5\Project.Utils\Project.Utils.csproj", "{42ECEE96-A7E7-4B30-AFDD-4EE5385B877F}"
EndProject
Global
	GlobalSection(SolutionConfigurationPlatforms) = preSolution
		Debug|Any CPU = Debug|Any CPU
		Release|Any CPU = Release|Any CPU
	EndGlobalSection
	GlobalSection(ProjectConfigurationPlatforms) = postSolution
		{817AE625-B39F-499C-8AAB-D49C9CA6AA90}.Debug|Any CPU.ActiveCfg = Debug|Any CPU
		{817AE625-B39F-499C-8AAB-D49C9CA6AA90}.Debug|Any CPU.Build.0 = Debug|Any CPU
		{817AE625-B39F-499C-8AAB-D49C9CA6AA90}.Release|Any CPU.ActiveCfg = Release|Any CPU
		{817AE625-B39F-499C-8AAB-D49C9CA6AA90}.Release|Any CPU.Build.0 = Release|Any CPU
		{42ECEE96-A7E7-4B30-AFDD-4EE5385B877F}.Debug|Any CPU.ActiveCfg = Debug|Any CPU
		{42ECEE96-A7E7-4B30-AFDD-4EE5385B877F}.Debug|Any CPU.Build.0 = Debug|Any CPU
		{42ECEE96-A7E7-4B30-AFDD-4EE5385B877F}.Release|Any CPU.ActiveCfg = Release|Any CPU
		{42ECEE96-A7E7-4B30-AFDD-4EE5385B877F}.Release|Any CPU.Build.0 = Release|Any CPU
	EndGlobalSection
	GlobalSection(SolutionProperties) = preSolution
		HideSolutionNode = FALSE
	EndGlobalSection
EndGlobal
